
Microsoft Visual Studio Solution File, Format Version 12.00
# Visual Studio 15
VisualStudioVersion = 15.0.27004.2006
MinimumVisualStudioVersion = 10.0.40219.1
Project("{8BC9CEB8-8B4A-11D0-8D11-00A0C91BC942}") = "war2_ddraw", "war2_ddraw.vcxproj", "{E66B6D99-E49B-40A5-9E20-ECDD9D8305D4}"
EndProject
Global
	GlobalSection(SolutionConfigurationPlatforms) = preSolution
		Debug|x86 = Debug|x86
		Release|x86 = Release|x86
	EndGlobalSection
	GlobalSection(ProjectConfigurationPlatforms) = postSolution
		{E66B6D99-E49B-40A5-9E20-ECDD9D8305D4}.Debug|x86.ActiveCfg = Debug|Win32
		{E66B6D99-E49B-40A5-9E20-ECDD9D8305D4}.Debug|x86.Build.0 = Debug|Win32
		{E66B6D99-E49B-40A5-9E20-ECDD9D8305D4}.Release|x86.ActiveCfg = Release|Win32
		{E66B6D99-E49B-40A5-9E20-ECDD9D8305D4}.Release|x86.Build.0 = Release|Win32
	EndGlobalSection
	GlobalSection(SolutionProperties) = preSolution
		HideSolutionNode = FALSE
	EndGlobalSection
	GlobalSection(ExtensibilityGlobals) = postSolution
		SolutionGuid = {AE875E19-2462-4E16-A21B-A2BF2F43E8ED}
	EndGlobalSection
EndGlobal
